<?xml version="1.0" encoding="utf-8"?>
<Project ToolsVersion="4.0" xmlns="http://schemas.microsoft.com/developer/msbuild/2003">
  <ItemGroup>
    <Filter Include="Header Files">
      <UniqueIdentifier>{93995380-89BD-4b04-88EB-625FBE52EBFB}</UniqueIdentifier>
      <Extensions>h;hh;hpp;hxx;hm;inl;inc;xsd</Extensions>
    </Filter>
    <Filter Include="Source Files">
      <UniqueIdentifier>{4FC737F1-C7A5-4376-A066-2A32D752A2FF}</UniqueIdentifier>
      <Extensions>cpp;c;cc;cxx;def;odl;idl;hpj;bat;asm;asmx</Extensions>
    </Filter>
    <Filter Include="Header Files\commands">
      <UniqueIdentifier>{fd9059b1-13d6-4f81-b721-36c3a5330e15}</UniqueIdentifier>
    </Filter>
    <Filter Include="Header Files\config">
      <UniqueIdentifier>{4fda2bb3-01fa-44b7-8604-09beaa0f8330}</UniqueIdentifier>
    </Filter>
    <Filter Include="Header Files\extensions">
      <UniqueIdentifier>{1c514702-d542-4365-a2c6-d0fcd5c3ab69}</UniqueIdentifier>
    </Filter>
    <Filter Include="Header Files\impl">
      <UniqueIdentifier>{71dcdb4a-0ea0-42c9-833e-59787060a47c}</UniqueIdentifier>
    </Filter>
    <Filter Include="Header Files\extensions\commands">
      <UniqueIdentifier>{7fedbdae-c9f0-49ae-b18d-be90878d50d4}</UniqueIdentifier>
    </Filter>
    <Filter Include="Source Files\commands">
      <UniqueIdentifier>{f923a76a-5324-4c38-9ccf-e9d4438fa0bd}</UniqueIdentifier>
    </Filter>
    <Filter Include="Source Files\config">
      <UniqueIdentifier>{46c6b151-0e28-4570-9162-72b3e0e3c93f}</UniqueIdentifier>
    </Filter>
    <Filter Include="Source Files\extensions">
      <UniqueIdentifier>{bfcadd5e-38de-42ca-afad-ce26d7beeebe}</UniqueIdentifier>
    </Filter>
    <Filter Include="Source Files\extensions\commands">
      <UniqueIdentifier>{865ba9df-555a-43f5-83a8-629d84f97374}</UniqueIdentifier>
    </Filter>
    <Filter Include="Source Files\commands\offline">
      <UniqueIdentifier>{8319fc71-200b-4148-8a2f-8fbacb84b2f9}</UniqueIdentifier>
    </Filter>
  </ItemGroup>
  <ItemGroup>
    <ClInclude Include="..\..\..\include\metaverse\explorer\commands\fetch-stealth.hpp">
      <Filter>Header Files\commands</Filter>
    </ClInclude>
    <ClInclude Include="..\..\..\include\metaverse\explorer\commands\help.hpp">
      <Filter>Header Files\commands</Filter>
    </ClInclude>
    <ClInclude Include="..\..\..\include\metaverse\explorer\commands\offline_commands_impl.hpp">
      <Filter>Header Files\commands</Filter>
    </ClInclude>
    <ClInclude Include="..\..\..\include\metaverse\explorer\commands\send-tx.hpp">
      <Filter>Header Files\commands</Filter>
    </ClInclude>
    <ClInclude Include="..\..\..\include\metaverse\explorer\commands\settings.hpp">
      <Filter>Header Files\commands</Filter>
    </ClInclude>
    <ClInclude Include="..\..\..\include\metaverse\explorer\commands\stealth-decode.hpp">
      <Filter>Header Files\commands</Filter>
    </ClInclude>
    <ClInclude Include="..\..\..\include\metaverse\explorer\commands\stealth-encode.hpp">
      <Filter>Header Files\commands</Filter>
    </ClInclude>
    <ClInclude Include="..\..\..\include\metaverse\explorer\commands\stealth-public.hpp">
      <Filter>Header Files\commands</Filter>
    </ClInclude>
    <ClInclude Include="..\..\..\include\metaverse\explorer\commands\stealth-secret.hpp">
      <Filter>Header Files\commands</Filter>
    </ClInclude>
    <ClInclude Include="..\..\..\include\metaverse\explorer\commands\stealth-shared.hpp">
      <Filter>Header Files\commands</Filter>
    </ClInclude>
    <ClInclude Include="..\..\..\include\metaverse\explorer\commands\tx-decode.hpp">
      <Filter>Header Files\commands</Filter>
    </ClInclude>
    <ClInclude Include="..\..\..\include\metaverse\explorer\commands\validate-tx.hpp">
      <Filter>Header Files\commands</Filter>
    </ClInclude>
    <ClInclude Include="..\..\..\include\metaverse\explorer\config\address.hpp">
      <Filter>Header Files\config</Filter>
    </ClInclude>
    <ClInclude Include="..\..\..\include\metaverse\explorer\config\algorithm.hpp">
      <Filter>Header Files\config</Filter>
    </ClInclude>
    <ClInclude Include="..\..\..\include\metaverse\explorer\config\btc.hpp">
      <Filter>Header Files\config</Filter>
    </ClInclude>
    <ClInclude Include="..\..\..\include\metaverse\explorer\config\byte.hpp">
      <Filter>Header Files\config</Filter>
    </ClInclude>
    <ClInclude Include="..\..\..\include\metaverse\explorer\config\cert_key.hpp">
      <Filter>Header Files\config</Filter>
    </ClInclude>
    <ClInclude Include="..\..\..\include\metaverse\explorer\config\ec_private.hpp">
      <Filter>Header Files\config</Filter>
    </ClInclude>
    <ClInclude Include="..\..\..\include\metaverse\explorer\config\encoding.hpp">
      <Filter>Header Files\config</Filter>
    </ClInclude>
    <ClInclude Include="..\..\..\include\metaverse\explorer\config\endorsement.hpp">
      <Filter>Header Files\config</Filter>
    </ClInclude>
    <ClInclude Include="..\..\..\include\metaverse\explorer\config\hashtype.hpp">
      <Filter>Header Files\config</Filter>
    </ClInclude>
    <ClInclude Include="..\..\..\include\metaverse\explorer\config\hd_key.hpp">
      <Filter>Header Files\config</Filter>
    </ClInclude>
    <ClInclude Include="..\..\..\include\metaverse\explorer\config\header.hpp">
      <Filter>Header Files\config</Filter>
    </ClInclude>
    <ClInclude Include="..\..\..\include\metaverse\explorer\config\input.hpp">
      <Filter>Header Files\config</Filter>
    </ClInclude>
    <ClInclude Include="..\..\..\include\metaverse\explorer\config\language.hpp">
      <Filter>Header Files\config</Filter>
    </ClInclude>
    <ClInclude Include="..\..\..\include\metaverse\explorer\config\output.hpp">
      <Filter>Header Files\config</Filter>
    </ClInclude>
    <ClInclude Include="..\..\..\include\metaverse\explorer\config\point.hpp">
      <Filter>Header Files\config</Filter>
    </ClInclude>
    <ClInclude Include="..\..\..\include\metaverse\explorer\config\raw.hpp">
      <Filter>Header Files\config</Filter>
    </ClInclude>
    <ClInclude Include="..\..\..\include\metaverse\explorer\config\script.hpp">
      <Filter>Header Files\config</Filter>
    </ClInclude>
    <ClInclude Include="..\..\..\include\metaverse\explorer\config\signature.hpp">
      <Filter>Header Files\config</Filter>
    </ClInclude>
    <ClInclude Include="..\..\..\include\metaverse\explorer\config\transaction.hpp">
      <Filter>Header Files\config</Filter>
    </ClInclude>
    <ClInclude Include="..\..\..\include\metaverse\explorer\config\wrapper.hpp">
      <Filter>Header Files\config</Filter>
    </ClInclude>
    <ClInclude Include="..\..\..\include\metaverse\explorer\extensions\account_info.hpp">
      <Filter>Header Files\extensions</Filter>
    </ClInclude>
    <ClInclude Include="..\..\..\include\metaverse\explorer\extensions\base_helper.hpp">
      <Filter>Header Files\extensions</Filter>
    </ClInclude>
    <ClInclude Include="..\..\..\include\metaverse\explorer\extensions\command_assistant.hpp">
      <Filter>Header Files\extensions</Filter>
    </ClInclude>
    <ClInclude Include="..\..\..\include\metaverse\explorer\extensions\command_extension.hpp">
      <Filter>Header Files\extensions</Filter>
    </ClInclude>
    <ClInclude Include="..\..\..\include\metaverse\explorer\extensions\command_extension_func.hpp">
      <Filter>Header Files\extensions</Filter>
    </ClInclude>
    <ClInclude Include="..\..\..\include\metaverse\explorer\extensions\exception.hpp">
      <Filter>Header Files\extensions</Filter>
    </ClInclude>
    <ClInclude Include="..\..\..\include\metaverse\explorer\extensions\node_method_wrapper.hpp">
      <Filter>Header Files\extensions</Filter>
    </ClInclude>
    <ClInclude Include="..\..\..\include\metaverse\explorer\extensions\commands\addnode.hpp">
      <Filter>Header Files\extensions\commands</Filter>
    </ClInclude>
    <ClInclude Include="..\..\..\include\metaverse\explorer\extensions\commands\changepasswd.hpp">
      <Filter>Header Files\extensions\commands</Filter>
    </ClInclude>
    <ClInclude Include="..\..\..\include\metaverse\explorer\extensions\commands\createasset.hpp">
      <Filter>Header Files\extensions\commands</Filter>
    </ClInclude>
    <ClInclude Include="..\..\..\include\metaverse\explorer\extensions\commands\createmultisigtx.hpp">
      <Filter>Header Files\extensions\commands</Filter>
    </ClInclude>
    <ClInclude Include="..\..\..\include\metaverse\explorer\extensions\commands\createrawtx.hpp">
      <Filter>Header Files\extensions\commands</Filter>
    </ClInclude>
    <ClInclude Include="..\..\..\include\metaverse\explorer\extensions\commands\decoderawtx.hpp">
      <Filter>Header Files\extensions\commands</Filter>
    </ClInclude>
    <ClInclude Include="..\..\..\include\metaverse\explorer\extensions\commands\deleteaccount.hpp">
      <Filter>Header Files\extensions\commands</Filter>
    </ClInclude>
    <ClInclude Include="..\..\..\include\metaverse\explorer\extensions\commands\deletelocalasset.hpp">
      <Filter>Header Files\extensions\commands</Filter>
    </ClInclude>
    <ClInclude Include="..\..\..\include\metaverse\explorer\extensions\commands\deletemultisig.hpp">
      <Filter>Header Files\extensions\commands</Filter>
    </ClInclude>
    <ClInclude Include="..\..\..\include\metaverse\explorer\extensions\commands\deposit.hpp">
      <Filter>Header Files\extensions\commands</Filter>
    </ClInclude>
    <ClInclude Include="..\..\..\include\metaverse\explorer\extensions\commands\dumpkeyfile.hpp">
      <Filter>Header Files\extensions\commands</Filter>
    </ClInclude>
    <ClInclude Include="..\..\..\include\metaverse\explorer\extensions\commands\getaccount.hpp">
      <Filter>Header Files\extensions\commands</Filter>
    </ClInclude>
    <ClInclude Include="..\..\..\include\metaverse\explorer\extensions\commands\getaccountasset.hpp">
      <Filter>Header Files\extensions\commands</Filter>
    </ClInclude>
    <ClInclude Include="..\..\..\include\metaverse\explorer\extensions\commands\getaddressasset.hpp">
      <Filter>Header Files\extensions\commands</Filter>
    </ClInclude>
    <ClInclude Include="..\..\..\include\metaverse\explorer\extensions\commands\getaddressetp.hpp">
      <Filter>Header Files\extensions\commands</Filter>
    </ClInclude>
    <ClInclude Include="..\..\..\include\metaverse\explorer\extensions\commands\getasset.hpp">
      <Filter>Header Files\extensions\commands</Filter>
    </ClInclude>
    <ClInclude Include="..\..\..\include\metaverse\explorer\extensions\commands\getbalance.hpp">
      <Filter>Header Files\extensions\commands</Filter>
    </ClInclude>
    <ClInclude Include="..\..\..\include\metaverse\explorer\extensions\commands\getblock.hpp">
      <Filter>Header Files\extensions\commands</Filter>
    </ClInclude>
    <ClInclude Include="..\..\..\include\metaverse\explorer\extensions\commands\getheight.hpp">
      <Filter>Header Files\extensions\commands</Filter>
    </ClInclude>
    <ClInclude Include="..\..\..\include\metaverse\explorer\extensions\commands\getinfo.hpp">
      <Filter>Header Files\extensions\commands</Filter>
    </ClInclude>
    <ClInclude Include="..\..\..\include\metaverse\explorer\extensions\commands\getmemorypool.hpp">
      <Filter>Header Files\extensions\commands</Filter>
    </ClInclude>
    <ClInclude Include="..\..\..\include\metaverse\explorer\extensions\commands\getmininginfo.hpp">
      <Filter>Header Files\extensions\commands</Filter>
    </ClInclude>
    <ClInclude Include="..\..\..\include\metaverse\explorer\extensions\commands\getnewaccount.hpp">
      <Filter>Header Files\extensions\commands</Filter>
    </ClInclude>
    <ClInclude Include="..\..\..\include\metaverse\explorer\extensions\commands\getnewaddress.hpp">
      <Filter>Header Files\extensions\commands</Filter>
    </ClInclude>
    <ClInclude Include="..\..\..\include\metaverse\explorer\extensions\commands\getnewmultisig.hpp">
      <Filter>Header Files\extensions\commands</Filter>
    </ClInclude>
    <ClInclude Include="..\..\..\include\metaverse\explorer\extensions\commands\getpeerinfo.hpp">
      <Filter>Header Files\extensions\commands</Filter>
    </ClInclude>
    <ClInclude Include="..\..\..\include\metaverse\explorer\extensions\commands\getpublickey.hpp">
      <Filter>Header Files\extensions\commands</Filter>
    </ClInclude>
    <ClInclude Include="..\..\..\include\metaverse\explorer\extensions\commands\gettx.hpp">
      <Filter>Header Files\extensions\commands</Filter>
    </ClInclude>
    <ClInclude Include="..\..\..\include\metaverse\explorer\extensions\commands\getwork.hpp">
      <Filter>Header Files\extensions\commands</Filter>
    </ClInclude>
    <ClInclude Include="..\..\..\include\metaverse\explorer\extensions\commands\importaccount.hpp">
      <Filter>Header Files\extensions\commands</Filter>
    </ClInclude>
    <ClInclude Include="..\..\..\include\metaverse\explorer\extensions\commands\importkeyfile.hpp">
      <Filter>Header Files\extensions\commands</Filter>
    </ClInclude>
    <ClInclude Include="..\..\..\include\metaverse\explorer\extensions\commands\issue.hpp">
      <Filter>Header Files\extensions\commands</Filter>
    </ClInclude>
    <ClInclude Include="..\..\..\include\metaverse\explorer\extensions\commands\issuefrom.hpp">
      <Filter>Header Files\extensions\commands</Filter>
    </ClInclude>
    <ClInclude Include="..\..\..\include\metaverse\explorer\extensions\commands\listaddresses.hpp">
      <Filter>Header Files\extensions\commands</Filter>
    </ClInclude>
    <ClInclude Include="..\..\..\include\metaverse\explorer\extensions\commands\listassets.hpp">
      <Filter>Header Files\extensions\commands</Filter>
    </ClInclude>
    <ClInclude Include="..\..\..\include\metaverse\explorer\extensions\commands\listbalances.hpp">
      <Filter>Header Files\extensions\commands</Filter>
    </ClInclude>
    <ClInclude Include="..\..\..\include\metaverse\explorer\extensions\commands\listmultisig.hpp">
      <Filter>Header Files\extensions\commands</Filter>
    </ClInclude>
    <ClInclude Include="..\..\..\include\metaverse\explorer\extensions\commands\listtxs.hpp">
      <Filter>Header Files\extensions\commands</Filter>
    </ClInclude>
    <ClInclude Include="..\..\..\include\metaverse\explorer\extensions\commands\send.hpp">
      <Filter>Header Files\extensions\commands</Filter>
    </ClInclude>
    <ClInclude Include="..\..\..\include\metaverse\explorer\extensions\commands\sendasset.hpp">
      <Filter>Header Files\extensions\commands</Filter>
    </ClInclude>
    <ClInclude Include="..\..\..\include\metaverse\explorer\extensions\commands\sendassetfrom.hpp">
      <Filter>Header Files\extensions\commands</Filter>
    </ClInclude>
    <ClInclude Include="..\..\..\include\metaverse\explorer\extensions\commands\sendfrom.hpp">
      <Filter>Header Files\extensions\commands</Filter>
    </ClInclude>
    <ClInclude Include="..\..\..\include\metaverse\explorer\extensions\commands\sendmore.hpp">
      <Filter>Header Files\extensions\commands</Filter>
    </ClInclude>
    <ClInclude Include="..\..\..\include\metaverse\explorer\extensions\commands\sendrawtx.hpp">
      <Filter>Header Files\extensions\commands</Filter>
    </ClInclude>
    <ClInclude Include="..\..\..\include\metaverse\explorer\extensions\commands\sendwithmsg.hpp">
      <Filter>Header Files\extensions\commands</Filter>
    </ClInclude>
    <ClInclude Include="..\..\..\include\metaverse\explorer\extensions\commands\sendwithmsgfrom.hpp">
      <Filter>Header Files\extensions\commands</Filter>
    </ClInclude>
    <ClInclude Include="..\..\..\include\metaverse\explorer\extensions\commands\setminingaccount.hpp">
      <Filter>Header Files\extensions\commands</Filter>
    </ClInclude>
    <ClInclude Include="..\..\..\include\metaverse\explorer\extensions\commands\shutdown.hpp">
      <Filter>Header Files\extensions\commands</Filter>
    </ClInclude>
    <ClInclude Include="..\..\..\include\metaverse\explorer\extensions\commands\signmultisigtx.hpp">
      <Filter>Header Files\extensions\commands</Filter>
    </ClInclude>
    <ClInclude Include="..\..\..\include\metaverse\explorer\extensions\commands\signrawtx.hpp">
      <Filter>Header Files\extensions\commands</Filter>
    </ClInclude>
    <ClInclude Include="..\..\..\include\metaverse\explorer\extensions\commands\startmining.hpp">
      <Filter>Header Files\extensions\commands</Filter>
    </ClInclude>
    <ClInclude Include="..\..\..\include\metaverse\explorer\extensions\commands\stopmining.hpp">
      <Filter>Header Files\extensions\commands</Filter>
    </ClInclude>
    <ClInclude Include="..\..\..\include\metaverse\explorer\extensions\commands\submitwork.hpp">
      <Filter>Header Files\extensions\commands</Filter>
    </ClInclude>
    <ClInclude Include="..\..\..\include\metaverse\explorer\extensions\commands\validateaddress.hpp">
      <Filter>Header Files\extensions\commands</Filter>
    </ClInclude>
    <ClInclude Include="..\..\..\include\metaverse\explorer\callback_state.hpp">
      <Filter>Header Files</Filter>
    </ClInclude>
    <ClInclude Include="..\..\..\include\metaverse\explorer\command.hpp">
      <Filter>Header Files</Filter>
    </ClInclude>
    <ClInclude Include="..\..\..\include\metaverse\explorer\define.hpp">
      <Filter>Header Files</Filter>
    </ClInclude>
    <ClInclude Include="..\..\..\include\metaverse\explorer\dispatch.hpp">
      <Filter>Header Files</Filter>
    </ClInclude>
    <ClInclude Include="..\..\..\include\metaverse\explorer\display.hpp">
      <Filter>Header Files</Filter>
    </ClInclude>
    <ClInclude Include="..\..\..\include\metaverse\explorer\generated.hpp">
      <Filter>Header Files</Filter>
    </ClInclude>
    <ClInclude Include="..\..\..\include\metaverse\explorer\json_helper.hpp">
      <Filter>Header Files</Filter>
    </ClInclude>
    <ClInclude Include="..\..\..\include\metaverse\explorer\parser.hpp">
      <Filter>Header Files</Filter>
    </ClInclude>
    <ClInclude Include="..\..\..\include\metaverse\explorer\utility.hpp">
      <Filter>Header Files</Filter>
    </ClInclude>
    <ClInclude Include="..\..\..\include\metaverse\explorer\version.hpp">
      <Filter>Header Files</Filter>
    </ClInclude>
    <ClInclude Include="..\..\..\include\metaverse\explorer\extensions\commands\getblockheader.hpp">
      <Filter>Header Files\extensions\commands</Filter>
    </ClInclude>
    <ClInclude Include="..\..\..\include\metaverse\explorer\commands\fetch-history.hpp">
      <Filter>Header Files\commands</Filter>
    </ClInclude>
    <ClInclude Include="..\..\..\include\metaverse\explorer\extensions\commands\fetchheaderext.hpp">
      <Filter>Header Files\extensions\commands</Filter>
    </ClInclude>
    <ClInclude Include="..\..\..\include\metaverse\explorer\extensions\commands\createdid.hpp">
      <Filter>Header Files</Filter>
    </ClInclude>
    <ClInclude Include="..\..\..\include\metaverse\explorer\extensions\commands\didsend.hpp">
      <Filter>Header Files</Filter>
    </ClInclude>
    <ClInclude Include="..\..\..\include\metaverse\explorer\extensions\commands\didsendasset.hpp">
      <Filter>Header Files</Filter>
    </ClInclude>
    <ClInclude Include="..\..\..\include\metaverse\explorer\extensions\commands\didsendassetfrom.hpp">
      <Filter>Header Files</Filter>
    </ClInclude>
    <ClInclude Include="..\..\..\include\metaverse\explorer\extensions\commands\didsendfrom.hpp">
      <Filter>Header Files</Filter>
    </ClInclude>
    <ClInclude Include="..\..\..\include\metaverse\explorer\extensions\commands\issuedid.hpp">
      <Filter>Header Files</Filter>
    </ClInclude>
    <ClInclude Include="..\..\..\include\metaverse\explorer\extensions\commands\listdids.hpp">
      <Filter>Header Files</Filter>
    </ClInclude>
    <ClInclude Include="..\..\..\include\metaverse\explorer\extensions\commands\mergeasset.hpp">
      <Filter>Header Files</Filter>
    </ClInclude>
    <ClInclude Include="..\..\..\include\metaverse\explorer\extensions\commands\secondaryissue.hpp">
      <Filter>Header Files\extensions\commands</Filter>
    </ClInclude>
    <ClInclude Include="..\..\..\include\metaverse\explorer\extensions\commands\didmodifyaddress.hpp">
      <Filter>Header Files\extensions\commands</Filter>
    </ClInclude>
    <ClInclude Include="..\..\..\include\metaverse\explorer\extensions\commands\transferissueright.hpp">
      <Filter>Header Files\extensions\commands</Filter>
    </ClInclude>
  </ItemGroup>
  <ItemGroup>
    <None Include="..\..\..\include\metaverse\explorer\impl\utility.ipp">
      <Filter>Header Files\impl</Filter>
    </None>
    <None Include="..\..\..\include\metaverse\explorer\impl\json_helper.ipp">
      <Filter>Header Files\impl</Filter>
    </None>
  </ItemGroup>
  <ItemGroup>
    <ClCompile Include="..\..\..\src\lib\explorer\config\address.cpp">
      <Filter>Source Files\config</Filter>
    </ClCompile>
    <ClCompile Include="..\..\..\src\lib\explorer\config\algorithm.cpp">
      <Filter>Source Files\config</Filter>
    </ClCompile>
    <ClCompile Include="..\..\..\src\lib\explorer\config\btc.cpp">
      <Filter>Source Files\config</Filter>
    </ClCompile>
    <ClCompile Include="..\..\..\src\lib\explorer\config\byte.cpp">
      <Filter>Source Files\config</Filter>
    </ClCompile>
    <ClCompile Include="..\..\..\src\lib\explorer\config\cert_key.cpp">
      <Filter>Source Files\config</Filter>
    </ClCompile>
    <ClCompile Include="..\..\..\src\lib\explorer\config\ec_private.cpp">
      <Filter>Source Files\config</Filter>
    </ClCompile>
    <ClCompile Include="..\..\..\src\lib\explorer\config\encoding.cpp">
      <Filter>Source Files\config</Filter>
    </ClCompile>
    <ClCompile Include="..\..\..\src\lib\explorer\config\endorsement.cpp">
      <Filter>Source Files\config</Filter>
    </ClCompile>
    <ClCompile Include="..\..\..\src\lib\explorer\config\hashtype.cpp">
      <Filter>Source Files\config</Filter>
    </ClCompile>
    <ClCompile Include="..\..\..\src\lib\explorer\config\hd_key.cpp">
      <Filter>Source Files\config</Filter>
    </ClCompile>
    <ClCompile Include="..\..\..\src\lib\explorer\config\header.cpp">
      <Filter>Source Files\config</Filter>
    </ClCompile>
    <ClCompile Include="..\..\..\src\lib\explorer\config\input.cpp">
      <Filter>Source Files\config</Filter>
    </ClCompile>
    <ClCompile Include="..\..\..\src\lib\explorer\config\language.cpp">
      <Filter>Source Files\config</Filter>
    </ClCompile>
    <ClCompile Include="..\..\..\src\lib\explorer\config\output.cpp">
      <Filter>Source Files\config</Filter>
    </ClCompile>
    <ClCompile Include="..\..\..\src\lib\explorer\config\point.cpp">
      <Filter>Source Files\config</Filter>
    </ClCompile>
    <ClCompile Include="..\..\..\src\lib\explorer\config\raw.cpp">
      <Filter>Source Files\config</Filter>
    </ClCompile>
    <ClCompile Include="..\..\..\src\lib\explorer\config\script.cpp">
      <Filter>Source Files\config</Filter>
    </ClCompile>
    <ClCompile Include="..\..\..\src\lib\explorer\config\signature.cpp">
      <Filter>Source Files\config</Filter>
    </ClCompile>
    <ClCompile Include="..\..\..\src\lib\explorer\config\transaction.cpp">
      <Filter>Source Files\config</Filter>
    </ClCompile>
    <ClCompile Include="..\..\..\src\lib\explorer\config\wrapper.cpp">
      <Filter>Source Files\config</Filter>
    </ClCompile>
    <ClCompile Include="..\..\..\src\lib\explorer\extensions\account_info.cpp">
      <Filter>Source Files\extensions</Filter>
    </ClCompile>
    <ClCompile Include="..\..\..\src\lib\explorer\extensions\base_helper.cpp">
      <Filter>Source Files\extensions</Filter>
    </ClCompile>
    <ClCompile Include="..\..\..\src\lib\explorer\extensions\command_assistant.cpp">
      <Filter>Source Files\extensions</Filter>
    </ClCompile>
    <ClCompile Include="..\..\..\src\lib\explorer\extensions\command_extension_func.cpp">
      <Filter>Source Files\extensions</Filter>
    </ClCompile>
    <ClCompile Include="..\..\..\src\lib\explorer\extensions\exception.cpp">
      <Filter>Source Files\extensions</Filter>
    </ClCompile>
    <ClCompile Include="..\..\..\src\lib\explorer\extensions\node_method_wrapper.cpp">
      <Filter>Source Files\extensions</Filter>
    </ClCompile>
    <ClCompile Include="..\..\..\src\lib\explorer\extensions\commands\addnode.cpp">
      <Filter>Source Files\extensions\commands</Filter>
    </ClCompile>
    <ClCompile Include="..\..\..\src\lib\explorer\extensions\commands\changepasswd.cpp">
      <Filter>Source Files\extensions\commands</Filter>
    </ClCompile>
    <ClCompile Include="..\..\..\src\lib\explorer\extensions\commands\createasset.cpp">
      <Filter>Source Files\extensions\commands</Filter>
    </ClCompile>
    <ClCompile Include="..\..\..\src\lib\explorer\extensions\commands\createmultisigtx.cpp">
      <Filter>Source Files\extensions\commands</Filter>
    </ClCompile>
    <ClCompile Include="..\..\..\src\lib\explorer\extensions\commands\createrawtx.cpp">
      <Filter>Source Files\extensions\commands</Filter>
    </ClCompile>
    <ClCompile Include="..\..\..\src\lib\explorer\extensions\commands\decoderawtx.cpp">
      <Filter>Source Files\extensions\commands</Filter>
    </ClCompile>
    <ClCompile Include="..\..\..\src\lib\explorer\extensions\commands\deleteaccount.cpp">
      <Filter>Source Files\extensions\commands</Filter>
    </ClCompile>
    <ClCompile Include="..\..\..\src\lib\explorer\extensions\commands\deletelocalasset.cpp">
      <Filter>Source Files\extensions\commands</Filter>
    </ClCompile>
    <ClCompile Include="..\..\..\src\lib\explorer\extensions\commands\deletemultisig.cpp">
      <Filter>Source Files\extensions\commands</Filter>
    </ClCompile>
    <ClCompile Include="..\..\..\src\lib\explorer\extensions\commands\deposit.cpp">
      <Filter>Source Files\extensions\commands</Filter>
    </ClCompile>
    <ClCompile Include="..\..\..\src\lib\explorer\extensions\commands\dumpkeyfile.cpp">
      <Filter>Source Files\extensions\commands</Filter>
    </ClCompile>
    <ClCompile Include="..\..\..\src\lib\explorer\extensions\commands\getaccount.cpp">
      <Filter>Source Files\extensions\commands</Filter>
    </ClCompile>
    <ClCompile Include="..\..\..\src\lib\explorer\extensions\commands\getaccountasset.cpp">
      <Filter>Source Files\extensions\commands</Filter>
    </ClCompile>
    <ClCompile Include="..\..\..\src\lib\explorer\extensions\commands\getaddressasset.cpp">
      <Filter>Source Files\extensions\commands</Filter>
    </ClCompile>
    <ClCompile Include="..\..\..\src\lib\explorer\extensions\commands\getaddressetp.cpp">
      <Filter>Source Files\extensions\commands</Filter>
    </ClCompile>
    <ClCompile Include="..\..\..\src\lib\explorer\extensions\commands\getasset.cpp">
      <Filter>Source Files\extensions\commands</Filter>
    </ClCompile>
    <ClCompile Include="..\..\..\src\lib\explorer\extensions\commands\getbalance.cpp">
      <Filter>Source Files\extensions\commands</Filter>
    </ClCompile>
    <ClCompile Include="..\..\..\src\lib\explorer\extensions\commands\getblock.cpp">
      <Filter>Source Files\extensions\commands</Filter>
    </ClCompile>
    <ClCompile Include="..\..\..\src\lib\explorer\extensions\commands\getheight.cpp">
      <Filter>Source Files\extensions\commands</Filter>
    </ClCompile>
    <ClCompile Include="..\..\..\src\lib\explorer\extensions\commands\getinfo.cpp">
      <Filter>Source Files\extensions\commands</Filter>
    </ClCompile>
    <ClCompile Include="..\..\..\src\lib\explorer\extensions\commands\getmemorypool.cpp">
      <Filter>Source Files\extensions\commands</Filter>
    </ClCompile>
    <ClCompile Include="..\..\..\src\lib\explorer\extensions\commands\getmininginfo.cpp">
      <Filter>Source Files\extensions\commands</Filter>
    </ClCompile>
    <ClCompile Include="..\..\..\src\lib\explorer\extensions\commands\getnewaccount.cpp">
      <Filter>Source Files\extensions\commands</Filter>
    </ClCompile>
    <ClCompile Include="..\..\..\src\lib\explorer\extensions\commands\getnewaddress.cpp">
      <Filter>Source Files\extensions\commands</Filter>
    </ClCompile>
    <ClCompile Include="..\..\..\src\lib\explorer\extensions\commands\getnewmultisig.cpp">
      <Filter>Source Files\extensions\commands</Filter>
    </ClCompile>
    <ClCompile Include="..\..\..\src\lib\explorer\extensions\commands\getpeerinfo.cpp">
      <Filter>Source Files\extensions\commands</Filter>
    </ClCompile>
    <ClCompile Include="..\..\..\src\lib\explorer\extensions\commands\getpublickey.cpp">
      <Filter>Source Files\extensions\commands</Filter>
    </ClCompile>
    <ClCompile Include="..\..\..\src\lib\explorer\extensions\commands\gettx.cpp">
      <Filter>Source Files\extensions\commands</Filter>
    </ClCompile>
    <ClCompile Include="..\..\..\src\lib\explorer\extensions\commands\getwork.cpp">
      <Filter>Source Files\extensions\commands</Filter>
    </ClCompile>
    <ClCompile Include="..\..\..\src\lib\explorer\extensions\commands\importaccount.cpp">
      <Filter>Source Files\extensions\commands</Filter>
    </ClCompile>
    <ClCompile Include="..\..\..\src\lib\explorer\extensions\commands\importkeyfile.cpp">
      <Filter>Source Files\extensions\commands</Filter>
    </ClCompile>
    <ClCompile Include="..\..\..\src\lib\explorer\extensions\commands\issue.cpp">
      <Filter>Source Files\extensions\commands</Filter>
    </ClCompile>
    <ClCompile Include="..\..\..\src\lib\explorer\extensions\commands\issuefrom.cpp">
      <Filter>Source Files\extensions\commands</Filter>
    </ClCompile>
    <ClCompile Include="..\..\..\src\lib\explorer\extensions\commands\listaddresses.cpp">
      <Filter>Source Files\extensions\commands</Filter>
    </ClCompile>
    <ClCompile Include="..\..\..\src\lib\explorer\extensions\commands\listassets.cpp">
      <Filter>Source Files\extensions\commands</Filter>
    </ClCompile>
    <ClCompile Include="..\..\..\src\lib\explorer\extensions\commands\listbalances.cpp">
      <Filter>Source Files\extensions\commands</Filter>
    </ClCompile>
    <ClCompile Include="..\..\..\src\lib\explorer\extensions\commands\listmultisig.cpp">
      <Filter>Source Files\extensions\commands</Filter>
    </ClCompile>
    <ClCompile Include="..\..\..\src\lib\explorer\extensions\commands\listtxs.cpp">
      <Filter>Source Files\extensions\commands</Filter>
    </ClCompile>
    <ClCompile Include="..\..\..\src\lib\explorer\extensions\commands\send.cpp">
      <Filter>Source Files\extensions\commands</Filter>
    </ClCompile>
    <ClCompile Include="..\..\..\src\lib\explorer\extensions\commands\sendasset.cpp">
      <Filter>Source Files\extensions\commands</Filter>
    </ClCompile>
    <ClCompile Include="..\..\..\src\lib\explorer\extensions\commands\sendassetfrom.cpp">
      <Filter>Source Files\extensions\commands</Filter>
    </ClCompile>
    <ClCompile Include="..\..\..\src\lib\explorer\extensions\commands\sendfrom.cpp">
      <Filter>Source Files\extensions\commands</Filter>
    </ClCompile>
    <ClCompile Include="..\..\..\src\lib\explorer\extensions\commands\sendmore.cpp">
      <Filter>Source Files\extensions\commands</Filter>
    </ClCompile>
    <ClCompile Include="..\..\..\src\lib\explorer\extensions\commands\sendrawtx.cpp">
      <Filter>Source Files\extensions\commands</Filter>
    </ClCompile>
    <ClCompile Include="..\..\..\src\lib\explorer\extensions\commands\sendwithmsg.cpp">
      <Filter>Source Files\extensions\commands</Filter>
    </ClCompile>
    <ClCompile Include="..\..\..\src\lib\explorer\extensions\commands\sendwithmsgfrom.cpp">
      <Filter>Source Files\extensions\commands</Filter>
    </ClCompile>
    <ClCompile Include="..\..\..\src\lib\explorer\extensions\commands\setminingaccount.cpp">
      <Filter>Source Files\extensions\commands</Filter>
    </ClCompile>
    <ClCompile Include="..\..\..\src\lib\explorer\extensions\commands\shutdown.cpp">
      <Filter>Source Files\extensions\commands</Filter>
    </ClCompile>
    <ClCompile Include="..\..\..\src\lib\explorer\extensions\commands\signmultisigtx.cpp">
      <Filter>Source Files\extensions\commands</Filter>
    </ClCompile>
    <ClCompile Include="..\..\..\src\lib\explorer\extensions\commands\signrawtx.cpp">
      <Filter>Source Files\extensions\commands</Filter>
    </ClCompile>
    <ClCompile Include="..\..\..\src\lib\explorer\extensions\commands\startmining.cpp">
      <Filter>Source Files\extensions\commands</Filter>
    </ClCompile>
    <ClCompile Include="..\..\..\src\lib\explorer\extensions\commands\stopmining.cpp">
      <Filter>Source Files\extensions\commands</Filter>
    </ClCompile>
    <ClCompile Include="..\..\..\src\lib\explorer\extensions\commands\submitwork.cpp">
      <Filter>Source Files\extensions\commands</Filter>
    </ClCompile>
    <ClCompile Include="..\..\..\src\lib\explorer\extensions\commands\validateaddress.cpp">
      <Filter>Source Files\extensions\commands</Filter>
    </ClCompile>
    <ClCompile Include="..\..\..\src\lib\explorer\callback_state.cpp">
      <Filter>Source Files</Filter>
    </ClCompile>
    <ClCompile Include="..\..\..\src\lib\explorer\dispatch.cpp">
      <Filter>Source Files</Filter>
    </ClCompile>
    <ClCompile Include="..\..\..\src\lib\explorer\display.cpp">
      <Filter>Source Files</Filter>
    </ClCompile>
    <ClCompile Include="..\..\..\src\lib\explorer\generated.cpp">
      <Filter>Source Files</Filter>
    </ClCompile>
    <ClCompile Include="..\..\..\src\lib\explorer\json_helper.cpp">
      <Filter>Source Files</Filter>
    </ClCompile>
    <ClCompile Include="..\..\..\src\lib\explorer\parser.cpp">
      <Filter>Source Files</Filter>
    </ClCompile>
    <ClCompile Include="..\..\..\src\lib\explorer\utility.cpp">
      <Filter>Source Files</Filter>
    </ClCompile>
    <ClCompile Include="..\..\..\src\lib\explorer\commands\fetch-stealth.cpp">
      <Filter>Source Files\commands</Filter>
    </ClCompile>
    <ClCompile Include="..\..\..\src\lib\explorer\commands\help.cpp">
      <Filter>Source Files\commands</Filter>
    </ClCompile>
    <ClCompile Include="..\..\..\src\lib\explorer\commands\offline_commands_impl.cpp">
      <Filter>Source Files\commands</Filter>
    </ClCompile>
    <ClCompile Include="..\..\..\src\lib\explorer\commands\send-tx.cpp">
      <Filter>Source Files\commands</Filter>
    </ClCompile>
    <ClCompile Include="..\..\..\src\lib\explorer\commands\settings.cpp">
      <Filter>Source Files\commands</Filter>
    </ClCompile>
    <ClCompile Include="..\..\..\src\lib\explorer\commands\validate-tx.cpp">
      <Filter>Source Files\commands</Filter>
    </ClCompile>
    <ClCompile Include="..\..\..\src\lib\explorer\commands\offline\stealth-decode.cpp">
      <Filter>Source Files\commands\offline</Filter>
    </ClCompile>
    <ClCompile Include="..\..\..\src\lib\explorer\commands\offline\stealth-encode.cpp">
      <Filter>Source Files\commands\offline</Filter>
    </ClCompile>
    <ClCompile Include="..\..\..\src\lib\explorer\commands\offline\stealth-public.cpp">
      <Filter>Source Files\commands\offline</Filter>
    </ClCompile>
    <ClCompile Include="..\..\..\src\lib\explorer\commands\offline\stealth-secret.cpp">
      <Filter>Source Files\commands\offline</Filter>
    </ClCompile>
    <ClCompile Include="..\..\..\src\lib\explorer\commands\offline\stealth-shared.cpp">
      <Filter>Source Files\commands\offline</Filter>
    </ClCompile>
    <ClCompile Include="..\..\..\src\lib\explorer\commands\offline\tx-decode.cpp">
      <Filter>Source Files\commands\offline</Filter>
    </ClCompile>
    <ClCompile Include="..\..\..\src\lib\explorer\extensions\commands\getblockheader.cpp">
      <Filter>Source Files\extensions\commands</Filter>
    </ClCompile>
    <ClCompile Include="..\..\..\src\lib\explorer\commands\fetch-history.cpp">
      <Filter>Source Files\commands</Filter>
    </ClCompile>
    <ClCompile Include="..\..\..\src\lib\explorer\extensions\commands\fetchheaderext.cpp">
      <Filter>Source Files\extensions\commands</Filter>
    </ClCompile>
    <ClCompile Include="..\..\..\src\lib\explorer\extensions\commands\createdid.cpp">
      <Filter>Source Files</Filter>
    </ClCompile>
    <ClCompile Include="..\..\..\src\lib\explorer\extensions\commands\didsend.cpp">
      <Filter>Source Files</Filter>
    </ClCompile>
    <ClCompile Include="..\..\..\src\lib\explorer\extensions\commands\didsendasset.cpp">
      <Filter>Source Files</Filter>
    </ClCompile>
    <ClCompile Include="..\..\..\src\lib\explorer\extensions\commands\didsendassetfrom.cpp">
      <Filter>Source Files</Filter>
    </ClCompile>
    <ClCompile Include="..\..\..\src\lib\explorer\extensions\commands\didsendfrom.cpp">
      <Filter>Source Files</Filter>
    </ClCompile>
    <ClCompile Include="..\..\..\src\lib\explorer\extensions\commands\issuedid.cpp">
      <Filter>Source Files</Filter>
    </ClCompile>
    <ClCompile Include="..\..\..\src\lib\explorer\extensions\commands\listdids.cpp">
      <Filter>Source Files</Filter>
    </ClCompile>
    <ClCompile Include="..\..\..\src\lib\explorer\extensions\commands\mergeasset.cpp">
      <Filter>Source Files</Filter>
    </ClCompile>
    <ClCompile Include="..\..\..\src\lib\explorer\extensions\commands\secondaryissue.cpp">
      <Filter>Source Files\extensions\commands</Filter>
    </ClCompile>
    <ClCompile Include="..\..\..\src\lib\explorer\extensions\commands\didmodifyaddress.cpp">
      <Filter>Source Files\extensions\commands</Filter>
    </ClCompile>
    <ClCompile Include="..\..\..\src\lib\explorer\extensions\commands\transferissueright.cpp">
      <Filter>Source Files\extensions\commands</Filter>
    </ClCompile>
  </ItemGroup>
</Project>