<?xml version="1.0" encoding="utf-8"?>
<Project ToolsVersion="4.0" xmlns="http://schemas.microsoft.com/developer/msbuild/2003">
  <ItemGroup>
    <Filter Include="Header Files">
      <UniqueIdentifier>{93995380-89BD-4b04-88EB-625FBE52EBFB}</UniqueIdentifier>
      <Extensions>h;hh;hpp;hxx;hm;inl;inc;xsd</Extensions>
    </Filter>
    <Filter Include="Header Files\exception">
      <UniqueIdentifier>{1de5db4d-12cb-4575-bc6b-7c6745a198c0}</UniqueIdentifier>
    </Filter>
    <Filter Include="Header Files\compat">
      <UniqueIdentifier>{f1ad97d3-ee32-4e0c-a9a3-8bfb0ea3e5d3}</UniqueIdentifier>
    </Filter>
    <Filter Include="Header Files\utility">
      <UniqueIdentifier>{25faa339-193d-4b67-a3b0-69ecc1e6f4fe}</UniqueIdentifier>
    </Filter>
    <Filter Include="Source Files">
      <UniqueIdentifier>{4FC737F1-C7A5-4376-A066-2A32D752A2FF}</UniqueIdentifier>
      <Extensions>cpp;c;cc;cxx;def;odl;idl;hpj;bat;asm;asmx</Extensions>
    </Filter>
  </ItemGroup>
  <ItemGroup>
    <ClInclude Include="..\..\..\include\metaverse\mgbubble\compat\define.hpp">
      <Filter>Header Files\compat</Filter>
    </ClInclude>
    <ClInclude Include="..\..\..\include\metaverse\mgbubble\compat\string_view.h">
      <Filter>Header Files\compat</Filter>
    </ClInclude>
    <ClInclude Include="..\..\..\include\metaverse\mgbubble\exception\Error.hpp">
      <Filter>Header Files\exception</Filter>
    </ClInclude>
    <ClInclude Include="..\..\..\include\metaverse\mgbubble\exception\Exception.hpp">
      <Filter>Header Files\exception</Filter>
    </ClInclude>
    <ClInclude Include="..\..\..\include\metaverse\mgbubble\exception\Instances.hpp">
      <Filter>Header Files\exception</Filter>
    </ClInclude>
    <ClInclude Include="..\..\..\include\metaverse\mgbubble\utility\Compare.hpp">
      <Filter>Header Files\utility</Filter>
    </ClInclude>
    <ClInclude Include="..\..\..\include\metaverse\mgbubble\utility\Queue.hpp">
      <Filter>Header Files\utility</Filter>
    </ClInclude>
    <ClInclude Include="..\..\..\include\metaverse\mgbubble\utility\Stream.hpp">
      <Filter>Header Files\utility</Filter>
    </ClInclude>
    <ClInclude Include="..\..\..\include\metaverse\mgbubble\utility\Stream_buf.hpp">
      <Filter>Header Files\utility</Filter>
    </ClInclude>
    <ClInclude Include="..\..\..\include\metaverse\mgbubble\utility\String.hpp">
      <Filter>Header Files\utility</Filter>
    </ClInclude>
    <ClInclude Include="..\..\..\include\metaverse\mgbubble\utility\Tokeniser.hpp">
      <Filter>Header Files\utility</Filter>
    </ClInclude>
    <ClInclude Include="..\..\..\include\metaverse\mgbubble\Mongoose.hpp">
      <Filter>Header Files</Filter>
    </ClInclude>
    <ClInclude Include="..\..\..\include\metaverse\mgbubble\mongoosecli.hpp">
      <Filter>Header Files</Filter>
    </ClInclude>
    <ClInclude Include="..\..\..\include\metaverse\mgbubble\RestServ.hpp">
      <Filter>Header Files</Filter>
    </ClInclude>
  </ItemGroup>
</Project>