
Microsoft Visual Studio Solution File, Format Version 12.00
# Visual Studio 14
VisualStudioVersion = 14.0.25420.1
MinimumVisualStudioVersion = 10.0.40219.1
Project("{8BC9CEB8-8B4A-11D0-8D11-00A0C91BC942}") = "bitcoin", "bitcoin\bitcoin.vcxproj", "{54C72203-A5A0-4714-8D0C-D51AA4AABAC8}"
EndProject
Project("{2150E333-8FDC-42A3-9474-1A3956D46DE8}") = "lib", "lib", "{FE25A1A6-16AF-4D43-A942-6F55DDB3F149}"
EndProject
Project("{8BC9CEB8-8B4A-11D0-8D11-00A0C91BC942}") = "client", "client\client.vcxproj", "{85C5D966-918F-4335-B024-0F47FEF079A7}"
EndProject
Project("{8BC9CEB8-8B4A-11D0-8D11-00A0C91BC942}") = "explorer", "explorer\explorer.vcxproj", "{9DE1D113-1D5B-401A-A5D4-8364598ABEE6}"
EndProject
Project("{8BC9CEB8-8B4A-11D0-8D11-00A0C91BC942}") = "protocol", "protocol\protocol.vcxproj", "{06BEB260-0A84-40D3-A0A1-16487E51A4BF}"
EndProject
Project("{8BC9CEB8-8B4A-11D0-8D11-00A0C91BC942}") = "node", "node\node.vcxproj", "{6CD3E60A-05B1-4043-899B-9454EC0ADF98}"
EndProject
Project("{8BC9CEB8-8B4A-11D0-8D11-00A0C91BC942}") = "consensus", "consensus\consensus.vcxproj", "{D21052F1-33B6-4F1F-BB8D-5C0E8173E416}"
EndProject
Project("{8BC9CEB8-8B4A-11D0-8D11-00A0C91BC942}") = "network", "network\network.vcxproj", "{53A1551C-87D3-4A0B-984B-E249E750D783}"
EndProject
Project("{8BC9CEB8-8B4A-11D0-8D11-00A0C91BC942}") = "blockchain", "blockchain\blockchain.vcxproj", "{C6680C0B-3ECE-4B68-8B5C-1A6767B6CC05}"
EndProject
Project("{8BC9CEB8-8B4A-11D0-8D11-00A0C91BC942}") = "database", "database\database.vcxproj", "{5848918E-2F38-4FEB-85DE-D992FBDA4C97}"
EndProject
Project("{8BC9CEB8-8B4A-11D0-8D11-00A0C91BC942}") = "mvsd", "mvsd\mvsd.vcxproj", "{491DC1BF-1F41-42ED-B283-75533C2489FA}"
	ProjectSection(ProjectDependencies) = postProject
		{54C72203-A5A0-4714-8D0C-D51AA4AABAC8} = {54C72203-A5A0-4714-8D0C-D51AA4AABAC8}
		{6CD3E60A-05B1-4043-899B-9454EC0ADF98} = {6CD3E60A-05B1-4043-899B-9454EC0ADF98}
		{C6680C0B-3ECE-4B68-8B5C-1A6767B6CC05} = {C6680C0B-3ECE-4B68-8B5C-1A6767B6CC05}
		{9DE1D113-1D5B-401A-A5D4-8364598ABEE6} = {9DE1D113-1D5B-401A-A5D4-8364598ABEE6}
		{53A1551C-87D3-4A0B-984B-E249E750D783} = {53A1551C-87D3-4A0B-984B-E249E750D783}
		{06BEB260-0A84-40D3-A0A1-16487E51A4BF} = {06BEB260-0A84-40D3-A0A1-16487E51A4BF}
		{85C5D966-918F-4335-B024-0F47FEF079A7} = {85C5D966-918F-4335-B024-0F47FEF079A7}
		{5848918E-2F38-4FEB-85DE-D992FBDA4C97} = {5848918E-2F38-4FEB-85DE-D992FBDA4C97}
		{D21052F1-33B6-4F1F-BB8D-5C0E8173E416} = {D21052F1-33B6-4F1F-BB8D-5C0E8173E416}
	EndProjectSection
EndProject
Project("{8BC9CEB8-8B4A-11D0-8D11-00A0C91BC942}") = "mongoose", "mongoose\mongoose.vcxproj", "{FD3FC1F1-E7DB-4CC2-B70F-21FBB87F1A43}"
EndProject
Project("{8BC9CEB8-8B4A-11D0-8D11-00A0C91BC942}") = "ethash", "ethash\ethash.vcxproj", "{2817769D-C482-42D0-A1D5-7E739AEBF13D}"
EndProject
Project("{8BC9CEB8-8B4A-11D0-8D11-00A0C91BC942}") = "mvs-cli", "mvs-cli\mvs-cli.vcxproj", "{184F436C-5E6E-4556-BF62-05F4AE80D0A9}"
	ProjectSection(ProjectDependencies) = postProject
		{54C72203-A5A0-4714-8D0C-D51AA4AABAC8} = {54C72203-A5A0-4714-8D0C-D51AA4AABAC8}
		{6CD3E60A-05B1-4043-899B-9454EC0ADF98} = {6CD3E60A-05B1-4043-899B-9454EC0ADF98}
		{C6680C0B-3ECE-4B68-8B5C-1A6767B6CC05} = {C6680C0B-3ECE-4B68-8B5C-1A6767B6CC05}
		{9DE1D113-1D5B-401A-A5D4-8364598ABEE6} = {9DE1D113-1D5B-401A-A5D4-8364598ABEE6}
		{53A1551C-87D3-4A0B-984B-E249E750D783} = {53A1551C-87D3-4A0B-984B-E249E750D783}
		{06BEB260-0A84-40D3-A0A1-16487E51A4BF} = {06BEB260-0A84-40D3-A0A1-16487E51A4BF}
		{85C5D966-918F-4335-B024-0F47FEF079A7} = {85C5D966-918F-4335-B024-0F47FEF079A7}
		{9CD1E867-9B42-45EB-B48F-0E6A69E3076C} = {9CD1E867-9B42-45EB-B48F-0E6A69E3076C}
		{5848918E-2F38-4FEB-85DE-D992FBDA4C97} = {5848918E-2F38-4FEB-85DE-D992FBDA4C97}
		{2817769D-C482-42D0-A1D5-7E739AEBF13D} = {2817769D-C482-42D0-A1D5-7E739AEBF13D}
		{D21052F1-33B6-4F1F-BB8D-5C0E8173E416} = {D21052F1-33B6-4F1F-BB8D-5C0E8173E416}
		{FD3FC1F1-E7DB-4CC2-B70F-21FBB87F1A43} = {FD3FC1F1-E7DB-4CC2-B70F-21FBB87F1A43}
	EndProjectSection
EndProject
Project("{8BC9CEB8-8B4A-11D0-8D11-00A0C91BC942}") = "mgbubble", "mgbubble\mgbubble.vcxproj", "{9CD1E867-9B42-45EB-B48F-0E6A69E3076C}"
	ProjectSection(ProjectDependencies) = postProject
		{FD3FC1F1-E7DB-4CC2-B70F-21FBB87F1A43} = {FD3FC1F1-E7DB-4CC2-B70F-21FBB87F1A43}
	EndProjectSection
EndProject
Global
	GlobalSection(SolutionConfigurationPlatforms) = preSolution
		Debug|x64 = Debug|x64
		Debug|x86 = Debug|x86
		Release|x64 = Release|x64
		Release|x86 = Release|x86
	EndGlobalSection
	GlobalSection(ProjectConfigurationPlatforms) = postSolution
		{54C72203-A5A0-4714-8D0C-D51AA4AABAC8}.Debug|x64.ActiveCfg = Debug|x64
		{54C72203-A5A0-4714-8D0C-D51AA4AABAC8}.Debug|x64.Build.0 = Debug|x64
		{54C72203-A5A0-4714-8D0C-D51AA4AABAC8}.Debug|x86.ActiveCfg = Debug|Win32
		{54C72203-A5A0-4714-8D0C-D51AA4AABAC8}.Debug|x86.Build.0 = Debug|Win32
		{54C72203-A5A0-4714-8D0C-D51AA4AABAC8}.Release|x64.ActiveCfg = Release|x64
		{54C72203-A5A0-4714-8D0C-D51AA4AABAC8}.Release|x64.Build.0 = Release|x64
		{54C72203-A5A0-4714-8D0C-D51AA4AABAC8}.Release|x86.ActiveCfg = Release|Win32
		{54C72203-A5A0-4714-8D0C-D51AA4AABAC8}.Release|x86.Build.0 = Release|Win32
		{85C5D966-918F-4335-B024-0F47FEF079A7}.Debug|x64.ActiveCfg = Debug|x64
		{85C5D966-918F-4335-B024-0F47FEF079A7}.Debug|x64.Build.0 = Debug|x64
		{85C5D966-918F-4335-B024-0F47FEF079A7}.Debug|x86.ActiveCfg = Debug|Win32
		{85C5D966-918F-4335-B024-0F47FEF079A7}.Debug|x86.Build.0 = Debug|Win32
		{85C5D966-918F-4335-B024-0F47FEF079A7}.Release|x64.ActiveCfg = Release|x64
		{85C5D966-918F-4335-B024-0F47FEF079A7}.Release|x64.Build.0 = Release|x64
		{85C5D966-918F-4335-B024-0F47FEF079A7}.Release|x86.ActiveCfg = Release|Win32
		{85C5D966-918F-4335-B024-0F47FEF079A7}.Release|x86.Build.0 = Release|Win32
		{9DE1D113-1D5B-401A-A5D4-8364598ABEE6}.Debug|x64.ActiveCfg = Debug|x64
		{9DE1D113-1D5B-401A-A5D4-8364598ABEE6}.Debug|x64.Build.0 = Debug|x64
		{9DE1D113-1D5B-401A-A5D4-8364598ABEE6}.Debug|x86.ActiveCfg = Debug|Win32
		{9DE1D113-1D5B-401A-A5D4-8364598ABEE6}.Debug|x86.Build.0 = Debug|Win32
		{9DE1D113-1D5B-401A-A5D4-8364598ABEE6}.Release|x64.ActiveCfg = Release|x64
		{9DE1D113-1D5B-401A-A5D4-8364598ABEE6}.Release|x64.Build.0 = Release|x64
		{9DE1D113-1D5B-401A-A5D4-8364598ABEE6}.Release|x86.ActiveCfg = Release|Win32
		{9DE1D113-1D5B-401A-A5D4-8364598ABEE6}.Release|x86.Build.0 = Release|Win32
		{06BEB260-0A84-40D3-A0A1-16487E51A4BF}.Debug|x64.ActiveCfg = Debug|x64
		{06BEB260-0A84-40D3-A0A1-16487E51A4BF}.Debug|x64.Build.0 = Debug|x64
		{06BEB260-0A84-40D3-A0A1-16487E51A4BF}.Debug|x86.ActiveCfg = Debug|Win32
		{06BEB260-0A84-40D3-A0A1-16487E51A4BF}.Debug|x86.Build.0 = Debug|Win32
		{06BEB260-0A84-40D3-A0A1-16487E51A4BF}.Release|x64.ActiveCfg = Release|x64
		{06BEB260-0A84-40D3-A0A1-16487E51A4BF}.Release|x64.Build.0 = Release|x64
		{06BEB260-0A84-40D3-A0A1-16487E51A4BF}.Release|x86.ActiveCfg = Release|Win32
		{06BEB260-0A84-40D3-A0A1-16487E51A4BF}.Release|x86.Build.0 = Release|Win32
		{6CD3E60A-05B1-4043-899B-9454EC0ADF98}.Debug|x64.ActiveCfg = Debug|x64
		{6CD3E60A-05B1-4043-899B-9454EC0ADF98}.Debug|x64.Build.0 = Debug|x64
		{6CD3E60A-05B1-4043-899B-9454EC0ADF98}.Debug|x86.ActiveCfg = Debug|Win32
		{6CD3E60A-05B1-4043-899B-9454EC0ADF98}.Debug|x86.Build.0 = Debug|Win32
		{6CD3E60A-05B1-4043-899B-9454EC0ADF98}.Release|x64.ActiveCfg = Release|x64
		{6CD3E60A-05B1-4043-899B-9454EC0ADF98}.Release|x64.Build.0 = Release|x64
		{6CD3E60A-05B1-4043-899B-9454EC0ADF98}.Release|x86.ActiveCfg = Release|Win32
		{6CD3E60A-05B1-4043-899B-9454EC0ADF98}.Release|x86.Build.0 = Release|Win32
		{D21052F1-33B6-4F1F-BB8D-5C0E8173E416}.Debug|x64.ActiveCfg = Debug|x64
		{D21052F1-33B6-4F1F-BB8D-5C0E8173E416}.Debug|x64.Build.0 = Debug|x64
		{D21052F1-33B6-4F1F-BB8D-5C0E8173E416}.Debug|x86.ActiveCfg = Debug|Win32
		{D21052F1-33B6-4F1F-BB8D-5C0E8173E416}.Debug|x86.Build.0 = Debug|Win32
		{D21052F1-33B6-4F1F-BB8D-5C0E8173E416}.Release|x64.ActiveCfg = Release|x64
		{D21052F1-33B6-4F1F-BB8D-5C0E8173E416}.Release|x64.Build.0 = Release|x64
		{D21052F1-33B6-4F1F-BB8D-5C0E8173E416}.Release|x86.ActiveCfg = Release|Win32
		{D21052F1-33B6-4F1F-BB8D-5C0E8173E416}.Release|x86.Build.0 = Release|Win32
		{53A1551C-87D3-4A0B-984B-E249E750D783}.Debug|x64.ActiveCfg = Debug|x64
		{53A1551C-87D3-4A0B-984B-E249E750D783}.Debug|x64.Build.0 = Debug|x64
		{53A1551C-87D3-4A0B-984B-E249E750D783}.Debug|x86.ActiveCfg = Debug|Win32
		{53A1551C-87D3-4A0B-984B-E249E750D783}.Debug|x86.Build.0 = Debug|Win32
		{53A1551C-87D3-4A0B-984B-E249E750D783}.Release|x64.ActiveCfg = Release|x64
		{53A1551C-87D3-4A0B-984B-E249E750D783}.Release|x64.Build.0 = Release|x64
		{53A1551C-87D3-4A0B-984B-E249E750D783}.Release|x86.ActiveCfg = Release|Win32
		{53A1551C-87D3-4A0B-984B-E249E750D783}.Release|x86.Build.0 = Release|Win32
		{C6680C0B-3ECE-4B68-8B5C-1A6767B6CC05}.Debug|x64.ActiveCfg = Debug|x64
		{C6680C0B-3ECE-4B68-8B5C-1A6767B6CC05}.Debug|x64.Build.0 = Debug|x64
		{C6680C0B-3ECE-4B68-8B5C-1A6767B6CC05}.Debug|x86.ActiveCfg = Debug|Win32
		{C6680C0B-3ECE-4B68-8B5C-1A6767B6CC05}.Debug|x86.Build.0 = Debug|Win32
		{C6680C0B-3ECE-4B68-8B5C-1A6767B6CC05}.Release|x64.ActiveCfg = Release|x64
		{C6680C0B-3ECE-4B68-8B5C-1A6767B6CC05}.Release|x64.Build.0 = Release|x64
		{C6680C0B-3ECE-4B68-8B5C-1A6767B6CC05}.Release|x86.ActiveCfg = Release|Win32
		{C6680C0B-3ECE-4B68-8B5C-1A6767B6CC05}.Release|x86.Build.0 = Release|Win32
		{5848918E-2F38-4FEB-85DE-D992FBDA4C97}.Debug|x64.ActiveCfg = Debug|x64
		{5848918E-2F38-4FEB-85DE-D992FBDA4C97}.Debug|x64.Build.0 = Debug|x64
		{5848918E-2F38-4FEB-85DE-D992FBDA4C97}.Debug|x86.ActiveCfg = Debug|Win32
		{5848918E-2F38-4FEB-85DE-D992FBDA4C97}.Debug|x86.Build.0 = Debug|Win32
		{5848918E-2F38-4FEB-85DE-D992FBDA4C97}.Release|x64.ActiveCfg = Release|x64
		{5848918E-2F38-4FEB-85DE-D992FBDA4C97}.Release|x64.Build.0 = Release|x64
		{5848918E-2F38-4FEB-85DE-D992FBDA4C97}.Release|x86.ActiveCfg = Release|Win32
		{5848918E-2F38-4FEB-85DE-D992FBDA4C97}.Release|x86.Build.0 = Release|Win32
		{491DC1BF-1F41-42ED-B283-75533C2489FA}.Debug|x64.ActiveCfg = Debug|x64
		{491DC1BF-1F41-42ED-B283-75533C2489FA}.Debug|x64.Build.0 = Debug|x64
		{491DC1BF-1F41-42ED-B283-75533C2489FA}.Debug|x86.ActiveCfg = Debug|Win32
		{491DC1BF-1F41-42ED-B283-75533C2489FA}.Debug|x86.Build.0 = Debug|Win32
		{491DC1BF-1F41-42ED-B283-75533C2489FA}.Release|x64.ActiveCfg = Release|x64
		{491DC1BF-1F41-42ED-B283-75533C2489FA}.Release|x64.Build.0 = Release|x64
		{491DC1BF-1F41-42ED-B283-75533C2489FA}.Release|x86.ActiveCfg = Release|Win32
		{491DC1BF-1F41-42ED-B283-75533C2489FA}.Release|x86.Build.0 = Release|Win32
		{FD3FC1F1-E7DB-4CC2-B70F-21FBB87F1A43}.Debug|x64.ActiveCfg = Debug|x64
		{FD3FC1F1-E7DB-4CC2-B70F-21FBB87F1A43}.Debug|x64.Build.0 = Debug|x64
		{FD3FC1F1-E7DB-4CC2-B70F-21FBB87F1A43}.Debug|x86.ActiveCfg = Debug|Win32
		{FD3FC1F1-E7DB-4CC2-B70F-21FBB87F1A43}.Debug|x86.Build.0 = Debug|Win32
		{FD3FC1F1-E7DB-4CC2-B70F-21FBB87F1A43}.Release|x64.ActiveCfg = Release|x64
		{FD3FC1F1-E7DB-4CC2-B70F-21FBB87F1A43}.Release|x64.Build.0 = Release|x64
		{FD3FC1F1-E7DB-4CC2-B70F-21FBB87F1A43}.Release|x86.ActiveCfg = Release|Win32
		{FD3FC1F1-E7DB-4CC2-B70F-21FBB87F1A43}.Release|x86.Build.0 = Release|Win32
		{2817769D-C482-42D0-A1D5-7E739AEBF13D}.Debug|x64.ActiveCfg = Debug|x64
		{2817769D-C482-42D0-A1D5-7E739AEBF13D}.Debug|x64.Build.0 = Debug|x64
		{2817769D-C482-42D0-A1D5-7E739AEBF13D}.Debug|x86.ActiveCfg = Debug|Win32
		{2817769D-C482-42D0-A1D5-7E739AEBF13D}.Debug|x86.Build.0 = Debug|Win32
		{2817769D-C482-42D0-A1D5-7E739AEBF13D}.Release|x64.ActiveCfg = Release|x64
		{2817769D-C482-42D0-A1D5-7E739AEBF13D}.Release|x64.Build.0 = Release|x64
		{2817769D-C482-42D0-A1D5-7E739AEBF13D}.Release|x86.ActiveCfg = Release|Win32
		{2817769D-C482-42D0-A1D5-7E739AEBF13D}.Release|x86.Build.0 = Release|Win32
		{184F436C-5E6E-4556-BF62-05F4AE80D0A9}.Debug|x64.ActiveCfg = Debug|x64
		{184F436C-5E6E-4556-BF62-05F4AE80D0A9}.Debug|x64.Build.0 = Debug|x64
		{184F436C-5E6E-4556-BF62-05F4AE80D0A9}.Debug|x86.ActiveCfg = Debug|Win32
		{184F436C-5E6E-4556-BF62-05F4AE80D0A9}.Debug|x86.Build.0 = Debug|Win32
		{184F436C-5E6E-4556-BF62-05F4AE80D0A9}.Release|x64.ActiveCfg = Release|x64
		{184F436C-5E6E-4556-BF62-05F4AE80D0A9}.Release|x64.Build.0 = Release|x64
		{184F436C-5E6E-4556-BF62-05F4AE80D0A9}.Release|x86.ActiveCfg = Release|Win32
		{184F436C-5E6E-4556-BF62-05F4AE80D0A9}.Release|x86.Build.0 = Release|Win32
		{9CD1E867-9B42-45EB-B48F-0E6A69E3076C}.Debug|x64.ActiveCfg = Debug|x64
		{9CD1E867-9B42-45EB-B48F-0E6A69E3076C}.Debug|x64.Build.0 = Debug|x64
		{9CD1E867-9B42-45EB-B48F-0E6A69E3076C}.Debug|x86.ActiveCfg = Debug|Win32
		{9CD1E867-9B42-45EB-B48F-0E6A69E3076C}.Debug|x86.Build.0 = Debug|Win32
		{9CD1E867-9B42-45EB-B48F-0E6A69E3076C}.Release|x64.ActiveCfg = Release|x64
		{9CD1E867-9B42-45EB-B48F-0E6A69E3076C}.Release|x64.Build.0 = Release|x64
		{9CD1E867-9B42-45EB-B48F-0E6A69E3076C}.Release|x86.ActiveCfg = Release|Win32
		{9CD1E867-9B42-45EB-B48F-0E6A69E3076C}.Release|x86.Build.0 = Release|Win32
	EndGlobalSection
	GlobalSection(SolutionProperties) = preSolution
		HideSolutionNode = FALSE
	EndGlobalSection
	GlobalSection(NestedProjects) = preSolution
		{54C72203-A5A0-4714-8D0C-D51AA4AABAC8} = {FE25A1A6-16AF-4D43-A942-6F55DDB3F149}
		{85C5D966-918F-4335-B024-0F47FEF079A7} = {FE25A1A6-16AF-4D43-A942-6F55DDB3F149}
		{9DE1D113-1D5B-401A-A5D4-8364598ABEE6} = {FE25A1A6-16AF-4D43-A942-6F55DDB3F149}
		{06BEB260-0A84-40D3-A0A1-16487E51A4BF} = {FE25A1A6-16AF-4D43-A942-6F55DDB3F149}
		{6CD3E60A-05B1-4043-899B-9454EC0ADF98} = {FE25A1A6-16AF-4D43-A942-6F55DDB3F149}
		{D21052F1-33B6-4F1F-BB8D-5C0E8173E416} = {FE25A1A6-16AF-4D43-A942-6F55DDB3F149}
		{53A1551C-87D3-4A0B-984B-E249E750D783} = {FE25A1A6-16AF-4D43-A942-6F55DDB3F149}
		{C6680C0B-3ECE-4B68-8B5C-1A6767B6CC05} = {FE25A1A6-16AF-4D43-A942-6F55DDB3F149}
		{5848918E-2F38-4FEB-85DE-D992FBDA4C97} = {FE25A1A6-16AF-4D43-A942-6F55DDB3F149}
		{2817769D-C482-42D0-A1D5-7E739AEBF13D} = {FE25A1A6-16AF-4D43-A942-6F55DDB3F149}
		{9CD1E867-9B42-45EB-B48F-0E6A69E3076C} = {FE25A1A6-16AF-4D43-A942-6F55DDB3F149}
	EndGlobalSection
EndGlobal
